
Microsoft Visual Studio Solution File, Format Version 12.00
# Visual Studio 15
Project("{FAE04EC0-301F-11D3-BF4B-00C04F79EFBC}") = "DibujoLibre", "DibujoLibre\DibujoLibre.csproj", "{5B233CBF-45DC-45D6-876C-F3CFF880F81C}"
EndProject
Global
	GlobalSection(SolutionConfigurationPlatforms) = preSolution
		Debug|x86 = Debug|x86
		Release|x86 = Release|x86
	EndGlobalSection
	GlobalSection(ProjectConfigurationPlatforms) = postSolution
		{5B233CBF-45DC-45D6-876C-F3CFF880F81C}.Debug|x86.ActiveCfg = Debug|x86
		{5B233CBF-45DC-45D6-876C-F3CFF880F81C}.Debug|x86.Build.0 = Debug|x86
		{5B233CBF-45DC-45D6-876C-F3CFF880F81C}.Release|x86.ActiveCfg = Release|x86
		{5B233CBF-45DC-45D6-876C-F3CFF880F81C}.Release|x86.Build.0 = Release|x86
	EndGlobalSection
EndGlobal
