
Microsoft Visual Studio Solution File, Format Version 11.00
# Visual Studio 2010
# SharpDevelop 4.4
Project("{FAE04EC0-301F-11D3-BF4B-00C04F79EFBC}") = "Dibujo", "Dibujo\Dibujo.csproj", "{8E7FBDEF-20F8-43B0-A8FC-128293E3FA04}"
EndProject
Global
	GlobalSection(SolutionConfigurationPlatforms) = preSolution
		Debug|Any CPU = Debug|Any CPU
		Release|Any CPU = Release|Any CPU
	EndGlobalSection
	GlobalSection(ProjectConfigurationPlatforms) = postSolution
		{8E7FBDEF-20F8-43B0-A8FC-128293E3FA04}.Debug|Any CPU.Build.0 = Debug|Any CPU
		{8E7FBDEF-20F8-43B0-A8FC-128293E3FA04}.Debug|Any CPU.ActiveCfg = Debug|Any CPU
		{8E7FBDEF-20F8-43B0-A8FC-128293E3FA04}.Release|Any CPU.Build.0 = Release|Any CPU
		{8E7FBDEF-20F8-43B0-A8FC-128293E3FA04}.Release|Any CPU.ActiveCfg = Release|Any CPU
	EndGlobalSection
EndGlobal
